
Microsoft Visual Studio Solution File, Format Version 12.00
# Visual Studio Version 17
VisualStudioVersion = 17.11.35222.181
MinimumVisualStudioVersion = 10.0.40219.1
Project("{FAE04EC0-301F-11D3-BF4B-00C04F79EFBC}") = "ConsumirApiExternaExcel", "ConsumirApiExternaExcel.csproj", "{C6349EFA-73EF-40BB-9293-81FEB0065581}"
EndProject
Project("{54435603-DBB4-11D2-8724-00A0C9A8B90C}") = "SetupApisExcel", "DATA\SetupApisExcel\SetupApisExcel.vdproj", "{A1C16CDA-E933-42B5-A18B-F71BD6610FF2}"
EndProject
Global
	GlobalSection(SolutionConfigurationPlatforms) = preSolution
		Debug|Any CPU = Debug|Any CPU
		Release|Any CPU = Release|Any CPU
	EndGlobalSection
	GlobalSection(ProjectConfigurationPlatforms) = postSolution
		{C6349EFA-73EF-40BB-9293-81FEB0065581}.Debug|Any CPU.ActiveCfg = Debug|Any CPU
		{C6349EFA-73EF-40BB-9293-81FEB0065581}.Debug|Any CPU.Build.0 = Debug|Any CPU
		{C6349EFA-73EF-40BB-9293-81FEB0065581}.Release|Any CPU.ActiveCfg = Release|Any CPU
		{C6349EFA-73EF-40BB-9293-81FEB0065581}.Release|Any CPU.Build.0 = Release|Any CPU
		{A1C16CDA-E933-42B5-A18B-F71BD6610FF2}.Debug|Any CPU.ActiveCfg = Debug
		{A1C16CDA-E933-42B5-A18B-F71BD6610FF2}.Release|Any CPU.ActiveCfg = Release
	EndGlobalSection
	GlobalSection(SolutionProperties) = preSolution
		HideSolutionNode = FALSE
	EndGlobalSection
	GlobalSection(ExtensibilityGlobals) = postSolution
		SolutionGuid = {D11F51D6-9903-4825-B3EC-D4271718812C}
	EndGlobalSection
EndGlobal
